
Microsoft Visual Studio Solution File, Format Version 12.00
# Visual Studio Version 17
VisualStudioVersion = 17.14.36414.22
MinimumVisualStudioVersion = 10.0.40219.1
Project("{FAE04EC0-301F-11D3-BF4B-00C04F79EFBC}") = "RaabitMQ_Publisher", "RaabitMQ_Publisher\RaabitMQ_Publisher.csproj", "{6B890FA7-B61B-428D-A351-C682A16D08C2}"
EndProject
Project("{FAE04EC0-301F-11D3-BF4B-00C04F79EFBC}") = "RabbitMQ_Subscriber", "RabbitMQ_Subscriber\RabbitMQ_Subscriber.csproj", "{4BC1174E-9316-4B8B-B1F6-FF7F82A178BB}"
EndProject
Project("{FAE04EC0-301F-11D3-BF4B-00C04F79EFBC}") = "1RabbitMQ_Publisher_FanoutExchange", "RabbitMQ_Publisher_FanoutExchange\1RabbitMQ_Publisher_FanoutExchange.csproj", "{78AF8033-8ADB-43D6-B83E-1111BB7F6F2C}"
EndProject
Project("{2150E333-8FDC-42A3-9474-1A3956D46DE8}") = "FanoutExchange", "FanoutExchange", "{02EA681E-C7D8-13C7-8484-4AC65E1B71E8}"
EndProject
Project("{FAE04EC0-301F-11D3-BF4B-00C04F79EFBC}") = "1RabbitMQ_Subscriber_FanoutExchange", "RabbitMQ_Subscriber_FanoutExchange\1RabbitMQ_Subscriber_FanoutExchange.csproj", "{0E20D0DF-7D88-4900-A1BA-ABD6AAF962FE}"
EndProject
Project("{2150E333-8FDC-42A3-9474-1A3956D46DE8}") = "Direct Exchange", "Direct Exchange", "{3966FACD-AD00-4CA3-A52B-76C157AF3F3C}"
EndProject
Project("{FAE04EC0-301F-11D3-BF4B-00C04F79EFBC}") = "2RabbitMQ_Publisher_DirectExchange", "2RabbitMQ_Publisher_DirectExchange\2RabbitMQ_Publisher_DirectExchange.csproj", "{5D47B832-1513-44FF-B912-2BF65709FD12}"
EndProject
Project("{FAE04EC0-301F-11D3-BF4B-00C04F79EFBC}") = "2RabbitMQ_Subscriber_DirectExchange", "2RabbitMQ_Subscriber_DirectExchange\2RabbitMQ_Subscriber_DirectExchange.csproj", "{52E69FA3-B263-4453-AD36-75FEDF37D5BD}"
EndProject
Project("{2150E333-8FDC-42A3-9474-1A3956D46DE8}") = "Topic Exchange", "Topic Exchange", "{46BBD7C3-70F9-4F89-8527-F9B55257147D}"
EndProject
Project("{FAE04EC0-301F-11D3-BF4B-00C04F79EFBC}") = "3RabbitMQ_Publisher_TopicExchange", "3RabbitMQ_Publisher_TopicExchange\3RabbitMQ_Publisher_TopicExchange.csproj", "{C81ABE73-59BF-4645-8D2E-7BA783DBF208}"
EndProject
Project("{FAE04EC0-301F-11D3-BF4B-00C04F79EFBC}") = "3RabbitMQ_Subscriber_TopicExchange", "3RabbitMQ_Subscriber_TopicExchange\3RabbitMQ_Subscriber_TopicExchange.csproj", "{B2869D80-DA82-43A9-8F57-1BD569C3EE34}"
EndProject
Project("{2150E333-8FDC-42A3-9474-1A3956D46DE8}") = "Header Exchange", "Header Exchange", "{7A23510E-F3AB-4013-854E-C4F89463C78F}"
EndProject
Project("{FAE04EC0-301F-11D3-BF4B-00C04F79EFBC}") = "4RabbitMQ_Publisher_HeaderExchange", "4RabbitMQ_Publisher_HeaderExchange\4RabbitMQ_Publisher_HeaderExchange.csproj", "{13E52DD8-61D3-4973-AEF7-2157F34EC106}"
EndProject
Project("{FAE04EC0-301F-11D3-BF4B-00C04F79EFBC}") = "4RabbitMQ_Subscriber_HeaderExcahange", "4RabbitMQ_Subscriber_HeaderExcahange\4RabbitMQ_Subscriber_HeaderExcahange.csproj", "{E37930B8-A32B-4ABC-8D72-1A9D3DD37CD2}"
EndProject
Project("{FAE04EC0-301F-11D3-BF4B-00C04F79EFBC}") = "Shared", "Shared\Shared.csproj", "{6517D476-32BE-4D3D-81C5-636E07DE3F61}"
EndProject
Global
	GlobalSection(SolutionConfigurationPlatforms) = preSolution
		Debug|Any CPU = Debug|Any CPU
		Release|Any CPU = Release|Any CPU
	EndGlobalSection
	GlobalSection(ProjectConfigurationPlatforms) = postSolution
		{6B890FA7-B61B-428D-A351-C682A16D08C2}.Debug|Any CPU.ActiveCfg = Debug|Any CPU
		{6B890FA7-B61B-428D-A351-C682A16D08C2}.Debug|Any CPU.Build.0 = Debug|Any CPU
		{6B890FA7-B61B-428D-A351-C682A16D08C2}.Release|Any CPU.ActiveCfg = Release|Any CPU
		{6B890FA7-B61B-428D-A351-C682A16D08C2}.Release|Any CPU.Build.0 = Release|Any CPU
		{4BC1174E-9316-4B8B-B1F6-FF7F82A178BB}.Debug|Any CPU.ActiveCfg = Debug|Any CPU
		{4BC1174E-9316-4B8B-B1F6-FF7F82A178BB}.Debug|Any CPU.Build.0 = Debug|Any CPU
		{4BC1174E-9316-4B8B-B1F6-FF7F82A178BB}.Release|Any CPU.ActiveCfg = Release|Any CPU
		{4BC1174E-9316-4B8B-B1F6-FF7F82A178BB}.Release|Any CPU.Build.0 = Release|Any CPU
		{78AF8033-8ADB-43D6-B83E-1111BB7F6F2C}.Debug|Any CPU.ActiveCfg = Debug|Any CPU
		{78AF8033-8ADB-43D6-B83E-1111BB7F6F2C}.Debug|Any CPU.Build.0 = Debug|Any CPU
		{78AF8033-8ADB-43D6-B83E-1111BB7F6F2C}.Release|Any CPU.ActiveCfg = Release|Any CPU
		{78AF8033-8ADB-43D6-B83E-1111BB7F6F2C}.Release|Any CPU.Build.0 = Release|Any CPU
		{0E20D0DF-7D88-4900-A1BA-ABD6AAF962FE}.Debug|Any CPU.ActiveCfg = Debug|Any CPU
		{0E20D0DF-7D88-4900-A1BA-ABD6AAF962FE}.Debug|Any CPU.Build.0 = Debug|Any CPU
		{0E20D0DF-7D88-4900-A1BA-ABD6AAF962FE}.Release|Any CPU.ActiveCfg = Release|Any CPU
		{0E20D0DF-7D88-4900-A1BA-ABD6AAF962FE}.Release|Any CPU.Build.0 = Release|Any CPU
		{5D47B832-1513-44FF-B912-2BF65709FD12}.Debug|Any CPU.ActiveCfg = Debug|Any CPU
		{5D47B832-1513-44FF-B912-2BF65709FD12}.Debug|Any CPU.Build.0 = Debug|Any CPU
		{5D47B832-1513-44FF-B912-2BF65709FD12}.Release|Any CPU.ActiveCfg = Release|Any CPU
		{5D47B832-1513-44FF-B912-2BF65709FD12}.Release|Any CPU.Build.0 = Release|Any CPU
		{52E69FA3-B263-4453-AD36-75FEDF37D5BD}.Debug|Any CPU.ActiveCfg = Debug|Any CPU
		{52E69FA3-B263-4453-AD36-75FEDF37D5BD}.Debug|Any CPU.Build.0 = Debug|Any CPU
		{52E69FA3-B263-4453-AD36-75FEDF37D5BD}.Release|Any CPU.ActiveCfg = Release|Any CPU
		{52E69FA3-B263-4453-AD36-75FEDF37D5BD}.Release|Any CPU.Build.0 = Release|Any CPU
		{C81ABE73-59BF-4645-8D2E-7BA783DBF208}.Debug|Any CPU.ActiveCfg = Debug|Any CPU
		{C81ABE73-59BF-4645-8D2E-7BA783DBF208}.Debug|Any CPU.Build.0 = Debug|Any CPU
		{C81ABE73-59BF-4645-8D2E-7BA783DBF208}.Release|Any CPU.ActiveCfg = Release|Any CPU
		{C81ABE73-59BF-4645-8D2E-7BA783DBF208}.Release|Any CPU.Build.0 = Release|Any CPU
		{B2869D80-DA82-43A9-8F57-1BD569C3EE34}.Debug|Any CPU.ActiveCfg = Debug|Any CPU
		{B2869D80-DA82-43A9-8F57-1BD569C3EE34}.Debug|Any CPU.Build.0 = Debug|Any CPU
		{B2869D80-DA82-43A9-8F57-1BD569C3EE34}.Release|Any CPU.ActiveCfg = Release|Any CPU
		{B2869D80-DA82-43A9-8F57-1BD569C3EE34}.Release|Any CPU.Build.0 = Release|Any CPU
		{13E52DD8-61D3-4973-AEF7-2157F34EC106}.Debug|Any CPU.ActiveCfg = Debug|Any CPU
		{13E52DD8-61D3-4973-AEF7-2157F34EC106}.Debug|Any CPU.Build.0 = Debug|Any CPU
		{13E52DD8-61D3-4973-AEF7-2157F34EC106}.Release|Any CPU.ActiveCfg = Release|Any CPU
		{13E52DD8-61D3-4973-AEF7-2157F34EC106}.Release|Any CPU.Build.0 = Release|Any CPU
		{E37930B8-A32B-4ABC-8D72-1A9D3DD37CD2}.Debug|Any CPU.ActiveCfg = Debug|Any CPU
		{E37930B8-A32B-4ABC-8D72-1A9D3DD37CD2}.Debug|Any CPU.Build.0 = Debug|Any CPU
		{E37930B8-A32B-4ABC-8D72-1A9D3DD37CD2}.Release|Any CPU.ActiveCfg = Release|Any CPU
		{E37930B8-A32B-4ABC-8D72-1A9D3DD37CD2}.Release|Any CPU.Build.0 = Release|Any CPU
		{6517D476-32BE-4D3D-81C5-636E07DE3F61}.Debug|Any CPU.ActiveCfg = Debug|Any CPU
		{6517D476-32BE-4D3D-81C5-636E07DE3F61}.Debug|Any CPU.Build.0 = Debug|Any CPU
		{6517D476-32BE-4D3D-81C5-636E07DE3F61}.Release|Any CPU.ActiveCfg = Release|Any CPU
		{6517D476-32BE-4D3D-81C5-636E07DE3F61}.Release|Any CPU.Build.0 = Release|Any CPU
	EndGlobalSection
	GlobalSection(SolutionProperties) = preSolution
		HideSolutionNode = FALSE
	EndGlobalSection
	GlobalSection(NestedProjects) = preSolution
		{78AF8033-8ADB-43D6-B83E-1111BB7F6F2C} = {02EA681E-C7D8-13C7-8484-4AC65E1B71E8}
		{0E20D0DF-7D88-4900-A1BA-ABD6AAF962FE} = {02EA681E-C7D8-13C7-8484-4AC65E1B71E8}
		{5D47B832-1513-44FF-B912-2BF65709FD12} = {3966FACD-AD00-4CA3-A52B-76C157AF3F3C}
		{52E69FA3-B263-4453-AD36-75FEDF37D5BD} = {3966FACD-AD00-4CA3-A52B-76C157AF3F3C}
		{C81ABE73-59BF-4645-8D2E-7BA783DBF208} = {46BBD7C3-70F9-4F89-8527-F9B55257147D}
		{B2869D80-DA82-43A9-8F57-1BD569C3EE34} = {46BBD7C3-70F9-4F89-8527-F9B55257147D}
		{13E52DD8-61D3-4973-AEF7-2157F34EC106} = {7A23510E-F3AB-4013-854E-C4F89463C78F}
		{E37930B8-A32B-4ABC-8D72-1A9D3DD37CD2} = {7A23510E-F3AB-4013-854E-C4F89463C78F}
	EndGlobalSection
	GlobalSection(ExtensibilityGlobals) = postSolution
		SolutionGuid = {C7656355-0118-4291-A74F-CE6392E22464}
	EndGlobalSection
EndGlobal
